
Microsoft Visual Studio Solution File, Format Version 12.00
# Visual Studio Version 17
VisualStudioVersion = 17.5.002.0
MinimumVisualStudioVersion = 10.0.40219.1
Project("{9A19103F-16F7-4668-BE54-9A1E7A4F7556}") = "FertilizerPetrokimia", "FertilizerPetrokimia.csproj", "{AF1CA6D0-AAFC-4B45-967D-AE6E32439494}"
EndProject
Global
	GlobalSection(SolutionConfigurationPlatforms) = preSolution
		Debug|Any CPU = Debug|Any CPU
		Release|Any CPU = Release|Any CPU
	EndGlobalSection
	GlobalSection(ProjectConfigurationPlatforms) = postSolution
		{AF1CA6D0-AAFC-4B45-967D-AE6E32439494}.Debug|Any CPU.ActiveCfg = Debug|Any CPU
		{AF1CA6D0-AAFC-4B45-967D-AE6E32439494}.Debug|Any CPU.Build.0 = Debug|Any CPU
		{AF1CA6D0-AAFC-4B45-967D-AE6E32439494}.Release|Any CPU.ActiveCfg = Release|Any CPU
		{AF1CA6D0-AAFC-4B45-967D-AE6E32439494}.Release|Any CPU.Build.0 = Release|Any CPU
	EndGlobalSection
	GlobalSection(SolutionProperties) = preSolution
		HideSolutionNode = FALSE
	EndGlobalSection
	GlobalSection(ExtensibilityGlobals) = postSolution
		SolutionGuid = {0C9765CC-7323-4E96-808C-75E7DFD8F89B}
	EndGlobalSection
EndGlobal
